
Microsoft Visual Studio Solution File, Format Version 12.00
# Visual Studio 15
VisualStudioVersion = 15.0.26430.16
MinimumVisualStudioVersion = 10.0.40219.1
Project("{FAE04EC0-301F-11D3-BF4B-00C04F79EFBC}") = "Hello", "Hello\Hello.csproj", "{43D3A9D9-D831-46CD-BE33-1DE6770DB406}"
EndProject
Project("{FAE04EC0-301F-11D3-BF4B-00C04F79EFBC}") = "OOdemot", "OOdemot\OOdemot.csproj", "{647E5B70-F18B-4837-8A73-4FCAFA7B4CB9}"
EndProject
Project("{FAE04EC0-301F-11D3-BF4B-00C04F79EFBC}") = "Labrat", "Labrat\Labrat.csproj", "{A44E4F5B-D7D9-4757-947F-D6F5A0957831}"
EndProject
Project("{FAE04EC0-301F-11D3-BF4B-00C04F79EFBC}") = "Opiskelija", "Opiskelija\Opiskelija.csproj", "{C9959BE7-A3A8-47FE-8DF7-305AF27832F5}"
EndProject
Project("{FAE04EC0-301F-11D3-BF4B-00C04F79EFBC}") = "Lab3", "Lab3\Lab3.csproj", "{6B5C1BD1-1384-41ED-8D20-FB41A354BA0E}"
EndProject
Project("{FAE04EC0-301F-11D3-BF4B-00C04F79EFBC}") = "Lab3.1", "Lab3.1\Lab3.1.csproj", "{A73C0C2C-5D2B-4122-9247-8071A542C8C1}"
EndProject
Project("{FAE04EC0-301F-11D3-BF4B-00C04F79EFBC}") = "Lab3.2", "Lab3.2\Lab3.2.csproj", "{BC304AC9-E065-49E9-A443-E3AC7FE8FB06}"
EndProject
Project("{FAE04EC0-301F-11D3-BF4B-00C04F79EFBC}") = "Lab4", "Lab4\Lab4.csproj", "{0BB69CBF-2CAB-47E0-8648-9D5C701BC542}"
EndProject
Project("{FAE04EC0-301F-11D3-BF4B-00C04F79EFBC}") = "Lab4.5", "Lab4.5\Lab4.5.csproj", "{B260A03A-F3A7-4279-B1FB-5A40F41DF199}"
EndProject
Project("{FAE04EC0-301F-11D3-BF4B-00C04F79EFBC}") = "Lab4.6", "Lab4.6\Lab4.6.csproj", "{E8B64EED-C248-4D19-B6E1-4772E417C745}"
EndProject
Project("{FAE04EC0-301F-11D3-BF4B-00C04F79EFBC}") = "Lab4.7", "Lab4.7\Lab4.7.csproj", "{635F9FFA-E72F-4FB8-B871-B3CE79AA47F3}"
EndProject
Project("{FAE04EC0-301F-11D3-BF4B-00C04F79EFBC}") = "thethingdemo", "thethingdemo\thethingdemo.csproj", "{1F5F4EA4-E4BC-4966-B143-AF85D23DF04E}"
EndProject
Project("{FAE04EC0-301F-11D3-BF4B-00C04F79EFBC}") = "Lab5", "Lab5\Lab5.csproj", "{5080F948-A8B6-493A-ABB2-F8A8682B1FA2}"
EndProject
Project("{FAE04EC0-301F-11D3-BF4B-00C04F79EFBC}") = "Lab5.2", "Lab5.2\Lab5.2.csproj", "{580ACAFE-4A33-4C4E-808F-379E04696046}"
EndProject
Project("{FAE04EC0-301F-11D3-BF4B-00C04F79EFBC}") = "Lab5.3", "Lab5.3\Lab5.3.csproj", "{123B4B5C-D622-4548-8A08-682F79AFCD6F}"
EndProject
Project("{FAE04EC0-301F-11D3-BF4B-00C04F79EFBC}") = "Lab5.4", "Lab5.4\Lab5.4.csproj", "{F15E05E9-66F0-45D0-8D26-F4CC35BED597}"
EndProject
Project("{FAE04EC0-301F-11D3-BF4B-00C04F79EFBC}") = "Lab7", "Lab7\Lab7.csproj", "{F2D18EFE-2308-4DA6-A634-84A5B8459D79}"
EndProject
Project("{FAE04EC0-301F-11D3-BF4B-00C04F79EFBC}") = "Lab7.2", "Lab7.2\Lab7.2.csproj", "{2CF84415-E681-4A74-B0A7-89A5ABC2079C}"
EndProject
Project("{FAE04EC0-301F-11D3-BF4B-00C04F79EFBC}") = "Lab7.3", "Lab7.3\Lab7.3.csproj", "{61FCD3E6-9B21-4F24-89ED-ED1D59471EF0}"
EndProject
Project("{FAE04EC0-301F-11D3-BF4B-00C04F79EFBC}") = "Lab8", "Lab8\Lab8.csproj", "{056266C9-898F-432D-A2DF-79E29E4564FD}"
EndProject
Global
	GlobalSection(SolutionConfigurationPlatforms) = preSolution
		Debug|Any CPU = Debug|Any CPU
		Debug|ARM = Debug|ARM
		Debug|x64 = Debug|x64
		Debug|x86 = Debug|x86
		Release|Any CPU = Release|Any CPU
		Release|ARM = Release|ARM
		Release|x64 = Release|x64
		Release|x86 = Release|x86
	EndGlobalSection
	GlobalSection(ProjectConfigurationPlatforms) = postSolution
		{43D3A9D9-D831-46CD-BE33-1DE6770DB406}.Debug|Any CPU.ActiveCfg = Debug|Any CPU
		{43D3A9D9-D831-46CD-BE33-1DE6770DB406}.Debug|Any CPU.Build.0 = Debug|Any CPU
		{43D3A9D9-D831-46CD-BE33-1DE6770DB406}.Debug|ARM.ActiveCfg = Debug|Any CPU
		{43D3A9D9-D831-46CD-BE33-1DE6770DB406}.Debug|ARM.Build.0 = Debug|Any CPU
		{43D3A9D9-D831-46CD-BE33-1DE6770DB406}.Debug|x64.ActiveCfg = Debug|Any CPU
		{43D3A9D9-D831-46CD-BE33-1DE6770DB406}.Debug|x64.Build.0 = Debug|Any CPU
		{43D3A9D9-D831-46CD-BE33-1DE6770DB406}.Debug|x86.ActiveCfg = Debug|Any CPU
		{43D3A9D9-D831-46CD-BE33-1DE6770DB406}.Debug|x86.Build.0 = Debug|Any CPU
		{43D3A9D9-D831-46CD-BE33-1DE6770DB406}.Release|Any CPU.ActiveCfg = Release|Any CPU
		{43D3A9D9-D831-46CD-BE33-1DE6770DB406}.Release|Any CPU.Build.0 = Release|Any CPU
		{43D3A9D9-D831-46CD-BE33-1DE6770DB406}.Release|ARM.ActiveCfg = Release|Any CPU
		{43D3A9D9-D831-46CD-BE33-1DE6770DB406}.Release|ARM.Build.0 = Release|Any CPU
		{43D3A9D9-D831-46CD-BE33-1DE6770DB406}.Release|x64.ActiveCfg = Release|Any CPU
		{43D3A9D9-D831-46CD-BE33-1DE6770DB406}.Release|x64.Build.0 = Release|Any CPU
		{43D3A9D9-D831-46CD-BE33-1DE6770DB406}.Release|x86.ActiveCfg = Release|Any CPU
		{43D3A9D9-D831-46CD-BE33-1DE6770DB406}.Release|x86.Build.0 = Release|Any CPU
		{647E5B70-F18B-4837-8A73-4FCAFA7B4CB9}.Debug|Any CPU.ActiveCfg = Debug|Any CPU
		{647E5B70-F18B-4837-8A73-4FCAFA7B4CB9}.Debug|Any CPU.Build.0 = Debug|Any CPU
		{647E5B70-F18B-4837-8A73-4FCAFA7B4CB9}.Debug|ARM.ActiveCfg = Debug|Any CPU
		{647E5B70-F18B-4837-8A73-4FCAFA7B4CB9}.Debug|ARM.Build.0 = Debug|Any CPU
		{647E5B70-F18B-4837-8A73-4FCAFA7B4CB9}.Debug|x64.ActiveCfg = Debug|Any CPU
		{647E5B70-F18B-4837-8A73-4FCAFA7B4CB9}.Debug|x64.Build.0 = Debug|Any CPU
		{647E5B70-F18B-4837-8A73-4FCAFA7B4CB9}.Debug|x86.ActiveCfg = Debug|Any CPU
		{647E5B70-F18B-4837-8A73-4FCAFA7B4CB9}.Debug|x86.Build.0 = Debug|Any CPU
		{647E5B70-F18B-4837-8A73-4FCAFA7B4CB9}.Release|Any CPU.ActiveCfg = Release|Any CPU
		{647E5B70-F18B-4837-8A73-4FCAFA7B4CB9}.Release|Any CPU.Build.0 = Release|Any CPU
		{647E5B70-F18B-4837-8A73-4FCAFA7B4CB9}.Release|ARM.ActiveCfg = Release|Any CPU
		{647E5B70-F18B-4837-8A73-4FCAFA7B4CB9}.Release|ARM.Build.0 = Release|Any CPU
		{647E5B70-F18B-4837-8A73-4FCAFA7B4CB9}.Release|x64.ActiveCfg = Release|Any CPU
		{647E5B70-F18B-4837-8A73-4FCAFA7B4CB9}.Release|x64.Build.0 = Release|Any CPU
		{647E5B70-F18B-4837-8A73-4FCAFA7B4CB9}.Release|x86.ActiveCfg = Release|Any CPU
		{647E5B70-F18B-4837-8A73-4FCAFA7B4CB9}.Release|x86.Build.0 = Release|Any CPU
		{A44E4F5B-D7D9-4757-947F-D6F5A0957831}.Debug|Any CPU.ActiveCfg = Debug|Any CPU
		{A44E4F5B-D7D9-4757-947F-D6F5A0957831}.Debug|Any CPU.Build.0 = Debug|Any CPU
		{A44E4F5B-D7D9-4757-947F-D6F5A0957831}.Debug|ARM.ActiveCfg = Debug|Any CPU
		{A44E4F5B-D7D9-4757-947F-D6F5A0957831}.Debug|ARM.Build.0 = Debug|Any CPU
		{A44E4F5B-D7D9-4757-947F-D6F5A0957831}.Debug|x64.ActiveCfg = Debug|Any CPU
		{A44E4F5B-D7D9-4757-947F-D6F5A0957831}.Debug|x64.Build.0 = Debug|Any CPU
		{A44E4F5B-D7D9-4757-947F-D6F5A0957831}.Debug|x86.ActiveCfg = Debug|Any CPU
		{A44E4F5B-D7D9-4757-947F-D6F5A0957831}.Debug|x86.Build.0 = Debug|Any CPU
		{A44E4F5B-D7D9-4757-947F-D6F5A0957831}.Release|Any CPU.ActiveCfg = Release|Any CPU
		{A44E4F5B-D7D9-4757-947F-D6F5A0957831}.Release|Any CPU.Build.0 = Release|Any CPU
		{A44E4F5B-D7D9-4757-947F-D6F5A0957831}.Release|ARM.ActiveCfg = Release|Any CPU
		{A44E4F5B-D7D9-4757-947F-D6F5A0957831}.Release|ARM.Build.0 = Release|Any CPU
		{A44E4F5B-D7D9-4757-947F-D6F5A0957831}.Release|x64.ActiveCfg = Release|Any CPU
		{A44E4F5B-D7D9-4757-947F-D6F5A0957831}.Release|x64.Build.0 = Release|Any CPU
		{A44E4F5B-D7D9-4757-947F-D6F5A0957831}.Release|x86.ActiveCfg = Release|Any CPU
		{A44E4F5B-D7D9-4757-947F-D6F5A0957831}.Release|x86.Build.0 = Release|Any CPU
		{C9959BE7-A3A8-47FE-8DF7-305AF27832F5}.Debug|Any CPU.ActiveCfg = Debug|Any CPU
		{C9959BE7-A3A8-47FE-8DF7-305AF27832F5}.Debug|Any CPU.Build.0 = Debug|Any CPU
		{C9959BE7-A3A8-47FE-8DF7-305AF27832F5}.Debug|ARM.ActiveCfg = Debug|Any CPU
		{C9959BE7-A3A8-47FE-8DF7-305AF27832F5}.Debug|ARM.Build.0 = Debug|Any CPU
		{C9959BE7-A3A8-47FE-8DF7-305AF27832F5}.Debug|x64.ActiveCfg = Debug|Any CPU
		{C9959BE7-A3A8-47FE-8DF7-305AF27832F5}.Debug|x64.Build.0 = Debug|Any CPU
		{C9959BE7-A3A8-47FE-8DF7-305AF27832F5}.Debug|x86.ActiveCfg = Debug|Any CPU
		{C9959BE7-A3A8-47FE-8DF7-305AF27832F5}.Debug|x86.Build.0 = Debug|Any CPU
		{C9959BE7-A3A8-47FE-8DF7-305AF27832F5}.Release|Any CPU.ActiveCfg = Release|Any CPU
		{C9959BE7-A3A8-47FE-8DF7-305AF27832F5}.Release|Any CPU.Build.0 = Release|Any CPU
		{C9959BE7-A3A8-47FE-8DF7-305AF27832F5}.Release|ARM.ActiveCfg = Release|Any CPU
		{C9959BE7-A3A8-47FE-8DF7-305AF27832F5}.Release|ARM.Build.0 = Release|Any CPU
		{C9959BE7-A3A8-47FE-8DF7-305AF27832F5}.Release|x64.ActiveCfg = Release|Any CPU
		{C9959BE7-A3A8-47FE-8DF7-305AF27832F5}.Release|x64.Build.0 = Release|Any CPU
		{C9959BE7-A3A8-47FE-8DF7-305AF27832F5}.Release|x86.ActiveCfg = Release|Any CPU
		{C9959BE7-A3A8-47FE-8DF7-305AF27832F5}.Release|x86.Build.0 = Release|Any CPU
		{6B5C1BD1-1384-41ED-8D20-FB41A354BA0E}.Debug|Any CPU.ActiveCfg = Debug|Any CPU
		{6B5C1BD1-1384-41ED-8D20-FB41A354BA0E}.Debug|Any CPU.Build.0 = Debug|Any CPU
		{6B5C1BD1-1384-41ED-8D20-FB41A354BA0E}.Debug|ARM.ActiveCfg = Debug|Any CPU
		{6B5C1BD1-1384-41ED-8D20-FB41A354BA0E}.Debug|ARM.Build.0 = Debug|Any CPU
		{6B5C1BD1-1384-41ED-8D20-FB41A354BA0E}.Debug|x64.ActiveCfg = Debug|Any CPU
		{6B5C1BD1-1384-41ED-8D20-FB41A354BA0E}.Debug|x64.Build.0 = Debug|Any CPU
		{6B5C1BD1-1384-41ED-8D20-FB41A354BA0E}.Debug|x86.ActiveCfg = Debug|Any CPU
		{6B5C1BD1-1384-41ED-8D20-FB41A354BA0E}.Debug|x86.Build.0 = Debug|Any CPU
		{6B5C1BD1-1384-41ED-8D20-FB41A354BA0E}.Release|Any CPU.ActiveCfg = Release|Any CPU
		{6B5C1BD1-1384-41ED-8D20-FB41A354BA0E}.Release|Any CPU.Build.0 = Release|Any CPU
		{6B5C1BD1-1384-41ED-8D20-FB41A354BA0E}.Release|ARM.ActiveCfg = Release|Any CPU
		{6B5C1BD1-1384-41ED-8D20-FB41A354BA0E}.Release|ARM.Build.0 = Release|Any CPU
		{6B5C1BD1-1384-41ED-8D20-FB41A354BA0E}.Release|x64.ActiveCfg = Release|Any CPU
		{6B5C1BD1-1384-41ED-8D20-FB41A354BA0E}.Release|x64.Build.0 = Release|Any CPU
		{6B5C1BD1-1384-41ED-8D20-FB41A354BA0E}.Release|x86.ActiveCfg = Release|Any CPU
		{6B5C1BD1-1384-41ED-8D20-FB41A354BA0E}.Release|x86.Build.0 = Release|Any CPU
		{A73C0C2C-5D2B-4122-9247-8071A542C8C1}.Debug|Any CPU.ActiveCfg = Debug|Any CPU
		{A73C0C2C-5D2B-4122-9247-8071A542C8C1}.Debug|Any CPU.Build.0 = Debug|Any CPU
		{A73C0C2C-5D2B-4122-9247-8071A542C8C1}.Debug|ARM.ActiveCfg = Debug|Any CPU
		{A73C0C2C-5D2B-4122-9247-8071A542C8C1}.Debug|ARM.Build.0 = Debug|Any CPU
		{A73C0C2C-5D2B-4122-9247-8071A542C8C1}.Debug|x64.ActiveCfg = Debug|Any CPU
		{A73C0C2C-5D2B-4122-9247-8071A542C8C1}.Debug|x64.Build.0 = Debug|Any CPU
		{A73C0C2C-5D2B-4122-9247-8071A542C8C1}.Debug|x86.ActiveCfg = Debug|Any CPU
		{A73C0C2C-5D2B-4122-9247-8071A542C8C1}.Debug|x86.Build.0 = Debug|Any CPU
		{A73C0C2C-5D2B-4122-9247-8071A542C8C1}.Release|Any CPU.ActiveCfg = Release|Any CPU
		{A73C0C2C-5D2B-4122-9247-8071A542C8C1}.Release|Any CPU.Build.0 = Release|Any CPU
		{A73C0C2C-5D2B-4122-9247-8071A542C8C1}.Release|ARM.ActiveCfg = Release|Any CPU
		{A73C0C2C-5D2B-4122-9247-8071A542C8C1}.Release|ARM.Build.0 = Release|Any CPU
		{A73C0C2C-5D2B-4122-9247-8071A542C8C1}.Release|x64.ActiveCfg = Release|Any CPU
		{A73C0C2C-5D2B-4122-9247-8071A542C8C1}.Release|x64.Build.0 = Release|Any CPU
		{A73C0C2C-5D2B-4122-9247-8071A542C8C1}.Release|x86.ActiveCfg = Release|Any CPU
		{A73C0C2C-5D2B-4122-9247-8071A542C8C1}.Release|x86.Build.0 = Release|Any CPU
		{BC304AC9-E065-49E9-A443-E3AC7FE8FB06}.Debug|Any CPU.ActiveCfg = Debug|Any CPU
		{BC304AC9-E065-49E9-A443-E3AC7FE8FB06}.Debug|Any CPU.Build.0 = Debug|Any CPU
		{BC304AC9-E065-49E9-A443-E3AC7FE8FB06}.Debug|ARM.ActiveCfg = Debug|Any CPU
		{BC304AC9-E065-49E9-A443-E3AC7FE8FB06}.Debug|ARM.Build.0 = Debug|Any CPU
		{BC304AC9-E065-49E9-A443-E3AC7FE8FB06}.Debug|x64.ActiveCfg = Debug|Any CPU
		{BC304AC9-E065-49E9-A443-E3AC7FE8FB06}.Debug|x64.Build.0 = Debug|Any CPU
		{BC304AC9-E065-49E9-A443-E3AC7FE8FB06}.Debug|x86.ActiveCfg = Debug|Any CPU
		{BC304AC9-E065-49E9-A443-E3AC7FE8FB06}.Debug|x86.Build.0 = Debug|Any CPU
		{BC304AC9-E065-49E9-A443-E3AC7FE8FB06}.Release|Any CPU.ActiveCfg = Release|Any CPU
		{BC304AC9-E065-49E9-A443-E3AC7FE8FB06}.Release|Any CPU.Build.0 = Release|Any CPU
		{BC304AC9-E065-49E9-A443-E3AC7FE8FB06}.Release|ARM.ActiveCfg = Release|Any CPU
		{BC304AC9-E065-49E9-A443-E3AC7FE8FB06}.Release|ARM.Build.0 = Release|Any CPU
		{BC304AC9-E065-49E9-A443-E3AC7FE8FB06}.Release|x64.ActiveCfg = Release|Any CPU
		{BC304AC9-E065-49E9-A443-E3AC7FE8FB06}.Release|x64.Build.0 = Release|Any CPU
		{BC304AC9-E065-49E9-A443-E3AC7FE8FB06}.Release|x86.ActiveCfg = Release|Any CPU
		{BC304AC9-E065-49E9-A443-E3AC7FE8FB06}.Release|x86.Build.0 = Release|Any CPU
		{0BB69CBF-2CAB-47E0-8648-9D5C701BC542}.Debug|Any CPU.ActiveCfg = Debug|Any CPU
		{0BB69CBF-2CAB-47E0-8648-9D5C701BC542}.Debug|Any CPU.Build.0 = Debug|Any CPU
		{0BB69CBF-2CAB-47E0-8648-9D5C701BC542}.Debug|ARM.ActiveCfg = Debug|Any CPU
		{0BB69CBF-2CAB-47E0-8648-9D5C701BC542}.Debug|ARM.Build.0 = Debug|Any CPU
		{0BB69CBF-2CAB-47E0-8648-9D5C701BC542}.Debug|x64.ActiveCfg = Debug|Any CPU
		{0BB69CBF-2CAB-47E0-8648-9D5C701BC542}.Debug|x64.Build.0 = Debug|Any CPU
		{0BB69CBF-2CAB-47E0-8648-9D5C701BC542}.Debug|x86.ActiveCfg = Debug|Any CPU
		{0BB69CBF-2CAB-47E0-8648-9D5C701BC542}.Debug|x86.Build.0 = Debug|Any CPU
		{0BB69CBF-2CAB-47E0-8648-9D5C701BC542}.Release|Any CPU.ActiveCfg = Release|Any CPU
		{0BB69CBF-2CAB-47E0-8648-9D5C701BC542}.Release|Any CPU.Build.0 = Release|Any CPU
		{0BB69CBF-2CAB-47E0-8648-9D5C701BC542}.Release|ARM.ActiveCfg = Release|Any CPU
		{0BB69CBF-2CAB-47E0-8648-9D5C701BC542}.Release|ARM.Build.0 = Release|Any CPU
		{0BB69CBF-2CAB-47E0-8648-9D5C701BC542}.Release|x64.ActiveCfg = Release|Any CPU
		{0BB69CBF-2CAB-47E0-8648-9D5C701BC542}.Release|x64.Build.0 = Release|Any CPU
		{0BB69CBF-2CAB-47E0-8648-9D5C701BC542}.Release|x86.ActiveCfg = Release|Any CPU
		{0BB69CBF-2CAB-47E0-8648-9D5C701BC542}.Release|x86.Build.0 = Release|Any CPU
		{B260A03A-F3A7-4279-B1FB-5A40F41DF199}.Debug|Any CPU.ActiveCfg = Debug|Any CPU
		{B260A03A-F3A7-4279-B1FB-5A40F41DF199}.Debug|Any CPU.Build.0 = Debug|Any CPU
		{B260A03A-F3A7-4279-B1FB-5A40F41DF199}.Debug|ARM.ActiveCfg = Debug|Any CPU
		{B260A03A-F3A7-4279-B1FB-5A40F41DF199}.Debug|ARM.Build.0 = Debug|Any CPU
		{B260A03A-F3A7-4279-B1FB-5A40F41DF199}.Debug|x64.ActiveCfg = Debug|Any CPU
		{B260A03A-F3A7-4279-B1FB-5A40F41DF199}.Debug|x64.Build.0 = Debug|Any CPU
		{B260A03A-F3A7-4279-B1FB-5A40F41DF199}.Debug|x86.ActiveCfg = Debug|Any CPU
		{B260A03A-F3A7-4279-B1FB-5A40F41DF199}.Debug|x86.Build.0 = Debug|Any CPU
		{B260A03A-F3A7-4279-B1FB-5A40F41DF199}.Release|Any CPU.ActiveCfg = Release|Any CPU
		{B260A03A-F3A7-4279-B1FB-5A40F41DF199}.Release|Any CPU.Build.0 = Release|Any CPU
		{B260A03A-F3A7-4279-B1FB-5A40F41DF199}.Release|ARM.ActiveCfg = Release|Any CPU
		{B260A03A-F3A7-4279-B1FB-5A40F41DF199}.Release|ARM.Build.0 = Release|Any CPU
		{B260A03A-F3A7-4279-B1FB-5A40F41DF199}.Release|x64.ActiveCfg = Release|Any CPU
		{B260A03A-F3A7-4279-B1FB-5A40F41DF199}.Release|x64.Build.0 = Release|Any CPU
		{B260A03A-F3A7-4279-B1FB-5A40F41DF199}.Release|x86.ActiveCfg = Release|Any CPU
		{B260A03A-F3A7-4279-B1FB-5A40F41DF199}.Release|x86.Build.0 = Release|Any CPU
		{E8B64EED-C248-4D19-B6E1-4772E417C745}.Debug|Any CPU.ActiveCfg = Debug|Any CPU
		{E8B64EED-C248-4D19-B6E1-4772E417C745}.Debug|Any CPU.Build.0 = Debug|Any CPU
		{E8B64EED-C248-4D19-B6E1-4772E417C745}.Debug|ARM.ActiveCfg = Debug|Any CPU
		{E8B64EED-C248-4D19-B6E1-4772E417C745}.Debug|ARM.Build.0 = Debug|Any CPU
		{E8B64EED-C248-4D19-B6E1-4772E417C745}.Debug|x64.ActiveCfg = Debug|Any CPU
		{E8B64EED-C248-4D19-B6E1-4772E417C745}.Debug|x64.Build.0 = Debug|Any CPU
		{E8B64EED-C248-4D19-B6E1-4772E417C745}.Debug|x86.ActiveCfg = Debug|Any CPU
		{E8B64EED-C248-4D19-B6E1-4772E417C745}.Debug|x86.Build.0 = Debug|Any CPU
		{E8B64EED-C248-4D19-B6E1-4772E417C745}.Release|Any CPU.ActiveCfg = Release|Any CPU
		{E8B64EED-C248-4D19-B6E1-4772E417C745}.Release|Any CPU.Build.0 = Release|Any CPU
		{E8B64EED-C248-4D19-B6E1-4772E417C745}.Release|ARM.ActiveCfg = Release|Any CPU
		{E8B64EED-C248-4D19-B6E1-4772E417C745}.Release|ARM.Build.0 = Release|Any CPU
		{E8B64EED-C248-4D19-B6E1-4772E417C745}.Release|x64.ActiveCfg = Release|Any CPU
		{E8B64EED-C248-4D19-B6E1-4772E417C745}.Release|x64.Build.0 = Release|Any CPU
		{E8B64EED-C248-4D19-B6E1-4772E417C745}.Release|x86.ActiveCfg = Release|Any CPU
		{E8B64EED-C248-4D19-B6E1-4772E417C745}.Release|x86.Build.0 = Release|Any CPU
		{635F9FFA-E72F-4FB8-B871-B3CE79AA47F3}.Debug|Any CPU.ActiveCfg = Debug|Any CPU
		{635F9FFA-E72F-4FB8-B871-B3CE79AA47F3}.Debug|Any CPU.Build.0 = Debug|Any CPU
		{635F9FFA-E72F-4FB8-B871-B3CE79AA47F3}.Debug|ARM.ActiveCfg = Debug|Any CPU
		{635F9FFA-E72F-4FB8-B871-B3CE79AA47F3}.Debug|ARM.Build.0 = Debug|Any CPU
		{635F9FFA-E72F-4FB8-B871-B3CE79AA47F3}.Debug|x64.ActiveCfg = Debug|Any CPU
		{635F9FFA-E72F-4FB8-B871-B3CE79AA47F3}.Debug|x64.Build.0 = Debug|Any CPU
		{635F9FFA-E72F-4FB8-B871-B3CE79AA47F3}.Debug|x86.ActiveCfg = Debug|Any CPU
		{635F9FFA-E72F-4FB8-B871-B3CE79AA47F3}.Debug|x86.Build.0 = Debug|Any CPU
		{635F9FFA-E72F-4FB8-B871-B3CE79AA47F3}.Release|Any CPU.ActiveCfg = Release|Any CPU
		{635F9FFA-E72F-4FB8-B871-B3CE79AA47F3}.Release|Any CPU.Build.0 = Release|Any CPU
		{635F9FFA-E72F-4FB8-B871-B3CE79AA47F3}.Release|ARM.ActiveCfg = Release|Any CPU
		{635F9FFA-E72F-4FB8-B871-B3CE79AA47F3}.Release|ARM.Build.0 = Release|Any CPU
		{635F9FFA-E72F-4FB8-B871-B3CE79AA47F3}.Release|x64.ActiveCfg = Release|Any CPU
		{635F9FFA-E72F-4FB8-B871-B3CE79AA47F3}.Release|x64.Build.0 = Release|Any CPU
		{635F9FFA-E72F-4FB8-B871-B3CE79AA47F3}.Release|x86.ActiveCfg = Release|Any CPU
		{635F9FFA-E72F-4FB8-B871-B3CE79AA47F3}.Release|x86.Build.0 = Release|Any CPU
		{1F5F4EA4-E4BC-4966-B143-AF85D23DF04E}.Debug|Any CPU.ActiveCfg = Debug|Any CPU
		{1F5F4EA4-E4BC-4966-B143-AF85D23DF04E}.Debug|Any CPU.Build.0 = Debug|Any CPU
		{1F5F4EA4-E4BC-4966-B143-AF85D23DF04E}.Debug|ARM.ActiveCfg = Debug|Any CPU
		{1F5F4EA4-E4BC-4966-B143-AF85D23DF04E}.Debug|ARM.Build.0 = Debug|Any CPU
		{1F5F4EA4-E4BC-4966-B143-AF85D23DF04E}.Debug|x64.ActiveCfg = Debug|Any CPU
		{1F5F4EA4-E4BC-4966-B143-AF85D23DF04E}.Debug|x64.Build.0 = Debug|Any CPU
		{1F5F4EA4-E4BC-4966-B143-AF85D23DF04E}.Debug|x86.ActiveCfg = Debug|Any CPU
		{1F5F4EA4-E4BC-4966-B143-AF85D23DF04E}.Debug|x86.Build.0 = Debug|Any CPU
		{1F5F4EA4-E4BC-4966-B143-AF85D23DF04E}.Release|Any CPU.ActiveCfg = Release|Any CPU
		{1F5F4EA4-E4BC-4966-B143-AF85D23DF04E}.Release|Any CPU.Build.0 = Release|Any CPU
		{1F5F4EA4-E4BC-4966-B143-AF85D23DF04E}.Release|ARM.ActiveCfg = Release|Any CPU
		{1F5F4EA4-E4BC-4966-B143-AF85D23DF04E}.Release|ARM.Build.0 = Release|Any CPU
		{1F5F4EA4-E4BC-4966-B143-AF85D23DF04E}.Release|x64.ActiveCfg = Release|Any CPU
		{1F5F4EA4-E4BC-4966-B143-AF85D23DF04E}.Release|x64.Build.0 = Release|Any CPU
		{1F5F4EA4-E4BC-4966-B143-AF85D23DF04E}.Release|x86.ActiveCfg = Release|Any CPU
		{1F5F4EA4-E4BC-4966-B143-AF85D23DF04E}.Release|x86.Build.0 = Release|Any CPU
		{5080F948-A8B6-493A-ABB2-F8A8682B1FA2}.Debug|Any CPU.ActiveCfg = Debug|Any CPU
		{5080F948-A8B6-493A-ABB2-F8A8682B1FA2}.Debug|Any CPU.Build.0 = Debug|Any CPU
		{5080F948-A8B6-493A-ABB2-F8A8682B1FA2}.Debug|ARM.ActiveCfg = Debug|Any CPU
		{5080F948-A8B6-493A-ABB2-F8A8682B1FA2}.Debug|ARM.Build.0 = Debug|Any CPU
		{5080F948-A8B6-493A-ABB2-F8A8682B1FA2}.Debug|x64.ActiveCfg = Debug|Any CPU
		{5080F948-A8B6-493A-ABB2-F8A8682B1FA2}.Debug|x64.Build.0 = Debug|Any CPU
		{5080F948-A8B6-493A-ABB2-F8A8682B1FA2}.Debug|x86.ActiveCfg = Debug|Any CPU
		{5080F948-A8B6-493A-ABB2-F8A8682B1FA2}.Debug|x86.Build.0 = Debug|Any CPU
		{5080F948-A8B6-493A-ABB2-F8A8682B1FA2}.Release|Any CPU.ActiveCfg = Release|Any CPU
		{5080F948-A8B6-493A-ABB2-F8A8682B1FA2}.Release|Any CPU.Build.0 = Release|Any CPU
		{5080F948-A8B6-493A-ABB2-F8A8682B1FA2}.Release|ARM.ActiveCfg = Release|Any CPU
		{5080F948-A8B6-493A-ABB2-F8A8682B1FA2}.Release|ARM.Build.0 = Release|Any CPU
		{5080F948-A8B6-493A-ABB2-F8A8682B1FA2}.Release|x64.ActiveCfg = Release|Any CPU
		{5080F948-A8B6-493A-ABB2-F8A8682B1FA2}.Release|x64.Build.0 = Release|Any CPU
		{5080F948-A8B6-493A-ABB2-F8A8682B1FA2}.Release|x86.ActiveCfg = Release|Any CPU
		{5080F948-A8B6-493A-ABB2-F8A8682B1FA2}.Release|x86.Build.0 = Release|Any CPU
		{580ACAFE-4A33-4C4E-808F-379E04696046}.Debug|Any CPU.ActiveCfg = Debug|Any CPU
		{580ACAFE-4A33-4C4E-808F-379E04696046}.Debug|Any CPU.Build.0 = Debug|Any CPU
		{580ACAFE-4A33-4C4E-808F-379E04696046}.Debug|ARM.ActiveCfg = Debug|Any CPU
		{580ACAFE-4A33-4C4E-808F-379E04696046}.Debug|ARM.Build.0 = Debug|Any CPU
		{580ACAFE-4A33-4C4E-808F-379E04696046}.Debug|x64.ActiveCfg = Debug|Any CPU
		{580ACAFE-4A33-4C4E-808F-379E04696046}.Debug|x64.Build.0 = Debug|Any CPU
		{580ACAFE-4A33-4C4E-808F-379E04696046}.Debug|x86.ActiveCfg = Debug|Any CPU
		{580ACAFE-4A33-4C4E-808F-379E04696046}.Debug|x86.Build.0 = Debug|Any CPU
		{580ACAFE-4A33-4C4E-808F-379E04696046}.Release|Any CPU.ActiveCfg = Release|Any CPU
		{580ACAFE-4A33-4C4E-808F-379E04696046}.Release|Any CPU.Build.0 = Release|Any CPU
		{580ACAFE-4A33-4C4E-808F-379E04696046}.Release|ARM.ActiveCfg = Release|Any CPU
		{580ACAFE-4A33-4C4E-808F-379E04696046}.Release|ARM.Build.0 = Release|Any CPU
		{580ACAFE-4A33-4C4E-808F-379E04696046}.Release|x64.ActiveCfg = Release|Any CPU
		{580ACAFE-4A33-4C4E-808F-379E04696046}.Release|x64.Build.0 = Release|Any CPU
		{580ACAFE-4A33-4C4E-808F-379E04696046}.Release|x86.ActiveCfg = Release|Any CPU
		{580ACAFE-4A33-4C4E-808F-379E04696046}.Release|x86.Build.0 = Release|Any CPU
		{123B4B5C-D622-4548-8A08-682F79AFCD6F}.Debug|Any CPU.ActiveCfg = Debug|Any CPU
		{123B4B5C-D622-4548-8A08-682F79AFCD6F}.Debug|Any CPU.Build.0 = Debug|Any CPU
		{123B4B5C-D622-4548-8A08-682F79AFCD6F}.Debug|ARM.ActiveCfg = Debug|Any CPU
		{123B4B5C-D622-4548-8A08-682F79AFCD6F}.Debug|ARM.Build.0 = Debug|Any CPU
		{123B4B5C-D622-4548-8A08-682F79AFCD6F}.Debug|x64.ActiveCfg = Debug|Any CPU
		{123B4B5C-D622-4548-8A08-682F79AFCD6F}.Debug|x64.Build.0 = Debug|Any CPU
		{123B4B5C-D622-4548-8A08-682F79AFCD6F}.Debug|x86.ActiveCfg = Debug|Any CPU
		{123B4B5C-D622-4548-8A08-682F79AFCD6F}.Debug|x86.Build.0 = Debug|Any CPU
		{123B4B5C-D622-4548-8A08-682F79AFCD6F}.Release|Any CPU.ActiveCfg = Release|Any CPU
		{123B4B5C-D622-4548-8A08-682F79AFCD6F}.Release|Any CPU.Build.0 = Release|Any CPU
		{123B4B5C-D622-4548-8A08-682F79AFCD6F}.Release|ARM.ActiveCfg = Release|Any CPU
		{123B4B5C-D622-4548-8A08-682F79AFCD6F}.Release|ARM.Build.0 = Release|Any CPU
		{123B4B5C-D622-4548-8A08-682F79AFCD6F}.Release|x64.ActiveCfg = Release|Any CPU
		{123B4B5C-D622-4548-8A08-682F79AFCD6F}.Release|x64.Build.0 = Release|Any CPU
		{123B4B5C-D622-4548-8A08-682F79AFCD6F}.Release|x86.ActiveCfg = Release|Any CPU
		{123B4B5C-D622-4548-8A08-682F79AFCD6F}.Release|x86.Build.0 = Release|Any CPU
		{F15E05E9-66F0-45D0-8D26-F4CC35BED597}.Debug|Any CPU.ActiveCfg = Debug|Any CPU
		{F15E05E9-66F0-45D0-8D26-F4CC35BED597}.Debug|Any CPU.Build.0 = Debug|Any CPU
		{F15E05E9-66F0-45D0-8D26-F4CC35BED597}.Debug|ARM.ActiveCfg = Debug|Any CPU
		{F15E05E9-66F0-45D0-8D26-F4CC35BED597}.Debug|ARM.Build.0 = Debug|Any CPU
		{F15E05E9-66F0-45D0-8D26-F4CC35BED597}.Debug|x64.ActiveCfg = Debug|Any CPU
		{F15E05E9-66F0-45D0-8D26-F4CC35BED597}.Debug|x64.Build.0 = Debug|Any CPU
		{F15E05E9-66F0-45D0-8D26-F4CC35BED597}.Debug|x86.ActiveCfg = Debug|Any CPU
		{F15E05E9-66F0-45D0-8D26-F4CC35BED597}.Debug|x86.Build.0 = Debug|Any CPU
		{F15E05E9-66F0-45D0-8D26-F4CC35BED597}.Release|Any CPU.ActiveCfg = Release|Any CPU
		{F15E05E9-66F0-45D0-8D26-F4CC35BED597}.Release|Any CPU.Build.0 = Release|Any CPU
		{F15E05E9-66F0-45D0-8D26-F4CC35BED597}.Release|ARM.ActiveCfg = Release|Any CPU
		{F15E05E9-66F0-45D0-8D26-F4CC35BED597}.Release|ARM.Build.0 = Release|Any CPU
		{F15E05E9-66F0-45D0-8D26-F4CC35BED597}.Release|x64.ActiveCfg = Release|Any CPU
		{F15E05E9-66F0-45D0-8D26-F4CC35BED597}.Release|x64.Build.0 = Release|Any CPU
		{F15E05E9-66F0-45D0-8D26-F4CC35BED597}.Release|x86.ActiveCfg = Release|Any CPU
		{F15E05E9-66F0-45D0-8D26-F4CC35BED597}.Release|x86.Build.0 = Release|Any CPU
		{F2D18EFE-2308-4DA6-A634-84A5B8459D79}.Debug|Any CPU.ActiveCfg = Debug|Any CPU
		{F2D18EFE-2308-4DA6-A634-84A5B8459D79}.Debug|Any CPU.Build.0 = Debug|Any CPU
		{F2D18EFE-2308-4DA6-A634-84A5B8459D79}.Debug|ARM.ActiveCfg = Debug|Any CPU
		{F2D18EFE-2308-4DA6-A634-84A5B8459D79}.Debug|ARM.Build.0 = Debug|Any CPU
		{F2D18EFE-2308-4DA6-A634-84A5B8459D79}.Debug|x64.ActiveCfg = Debug|Any CPU
		{F2D18EFE-2308-4DA6-A634-84A5B8459D79}.Debug|x64.Build.0 = Debug|Any CPU
		{F2D18EFE-2308-4DA6-A634-84A5B8459D79}.Debug|x86.ActiveCfg = Debug|Any CPU
		{F2D18EFE-2308-4DA6-A634-84A5B8459D79}.Debug|x86.Build.0 = Debug|Any CPU
		{F2D18EFE-2308-4DA6-A634-84A5B8459D79}.Release|Any CPU.ActiveCfg = Release|Any CPU
		{F2D18EFE-2308-4DA6-A634-84A5B8459D79}.Release|Any CPU.Build.0 = Release|Any CPU
		{F2D18EFE-2308-4DA6-A634-84A5B8459D79}.Release|ARM.ActiveCfg = Release|Any CPU
		{F2D18EFE-2308-4DA6-A634-84A5B8459D79}.Release|ARM.Build.0 = Release|Any CPU
		{F2D18EFE-2308-4DA6-A634-84A5B8459D79}.Release|x64.ActiveCfg = Release|Any CPU
		{F2D18EFE-2308-4DA6-A634-84A5B8459D79}.Release|x64.Build.0 = Release|Any CPU
		{F2D18EFE-2308-4DA6-A634-84A5B8459D79}.Release|x86.ActiveCfg = Release|Any CPU
		{F2D18EFE-2308-4DA6-A634-84A5B8459D79}.Release|x86.Build.0 = Release|Any CPU
		{2CF84415-E681-4A74-B0A7-89A5ABC2079C}.Debug|Any CPU.ActiveCfg = Debug|Any CPU
		{2CF84415-E681-4A74-B0A7-89A5ABC2079C}.Debug|Any CPU.Build.0 = Debug|Any CPU
		{2CF84415-E681-4A74-B0A7-89A5ABC2079C}.Debug|ARM.ActiveCfg = Debug|Any CPU
		{2CF84415-E681-4A74-B0A7-89A5ABC2079C}.Debug|ARM.Build.0 = Debug|Any CPU
		{2CF84415-E681-4A74-B0A7-89A5ABC2079C}.Debug|x64.ActiveCfg = Debug|Any CPU
		{2CF84415-E681-4A74-B0A7-89A5ABC2079C}.Debug|x64.Build.0 = Debug|Any CPU
		{2CF84415-E681-4A74-B0A7-89A5ABC2079C}.Debug|x86.ActiveCfg = Debug|Any CPU
		{2CF84415-E681-4A74-B0A7-89A5ABC2079C}.Debug|x86.Build.0 = Debug|Any CPU
		{2CF84415-E681-4A74-B0A7-89A5ABC2079C}.Release|Any CPU.ActiveCfg = Release|Any CPU
		{2CF84415-E681-4A74-B0A7-89A5ABC2079C}.Release|Any CPU.Build.0 = Release|Any CPU
		{2CF84415-E681-4A74-B0A7-89A5ABC2079C}.Release|ARM.ActiveCfg = Release|Any CPU
		{2CF84415-E681-4A74-B0A7-89A5ABC2079C}.Release|ARM.Build.0 = Release|Any CPU
		{2CF84415-E681-4A74-B0A7-89A5ABC2079C}.Release|x64.ActiveCfg = Release|Any CPU
		{2CF84415-E681-4A74-B0A7-89A5ABC2079C}.Release|x64.Build.0 = Release|Any CPU
		{2CF84415-E681-4A74-B0A7-89A5ABC2079C}.Release|x86.ActiveCfg = Release|Any CPU
		{2CF84415-E681-4A74-B0A7-89A5ABC2079C}.Release|x86.Build.0 = Release|Any CPU
		{61FCD3E6-9B21-4F24-89ED-ED1D59471EF0}.Debug|Any CPU.ActiveCfg = Debug|Any CPU
		{61FCD3E6-9B21-4F24-89ED-ED1D59471EF0}.Debug|Any CPU.Build.0 = Debug|Any CPU
		{61FCD3E6-9B21-4F24-89ED-ED1D59471EF0}.Debug|ARM.ActiveCfg = Debug|Any CPU
		{61FCD3E6-9B21-4F24-89ED-ED1D59471EF0}.Debug|ARM.Build.0 = Debug|Any CPU
		{61FCD3E6-9B21-4F24-89ED-ED1D59471EF0}.Debug|x64.ActiveCfg = Debug|Any CPU
		{61FCD3E6-9B21-4F24-89ED-ED1D59471EF0}.Debug|x64.Build.0 = Debug|Any CPU
		{61FCD3E6-9B21-4F24-89ED-ED1D59471EF0}.Debug|x86.ActiveCfg = Debug|Any CPU
		{61FCD3E6-9B21-4F24-89ED-ED1D59471EF0}.Debug|x86.Build.0 = Debug|Any CPU
		{61FCD3E6-9B21-4F24-89ED-ED1D59471EF0}.Release|Any CPU.ActiveCfg = Release|Any CPU
		{61FCD3E6-9B21-4F24-89ED-ED1D59471EF0}.Release|Any CPU.Build.0 = Release|Any CPU
		{61FCD3E6-9B21-4F24-89ED-ED1D59471EF0}.Release|ARM.ActiveCfg = Release|Any CPU
		{61FCD3E6-9B21-4F24-89ED-ED1D59471EF0}.Release|ARM.Build.0 = Release|Any CPU
		{61FCD3E6-9B21-4F24-89ED-ED1D59471EF0}.Release|x64.ActiveCfg = Release|Any CPU
		{61FCD3E6-9B21-4F24-89ED-ED1D59471EF0}.Release|x64.Build.0 = Release|Any CPU
		{61FCD3E6-9B21-4F24-89ED-ED1D59471EF0}.Release|x86.ActiveCfg = Release|Any CPU
		{61FCD3E6-9B21-4F24-89ED-ED1D59471EF0}.Release|x86.Build.0 = Release|Any CPU
		{056266C9-898F-432D-A2DF-79E29E4564FD}.Debug|Any CPU.ActiveCfg = Debug|Any CPU
		{056266C9-898F-432D-A2DF-79E29E4564FD}.Debug|Any CPU.Build.0 = Debug|Any CPU
		{056266C9-898F-432D-A2DF-79E29E4564FD}.Debug|ARM.ActiveCfg = Debug|Any CPU
		{056266C9-898F-432D-A2DF-79E29E4564FD}.Debug|ARM.Build.0 = Debug|Any CPU
		{056266C9-898F-432D-A2DF-79E29E4564FD}.Debug|x64.ActiveCfg = Debug|Any CPU
		{056266C9-898F-432D-A2DF-79E29E4564FD}.Debug|x64.Build.0 = Debug|Any CPU
		{056266C9-898F-432D-A2DF-79E29E4564FD}.Debug|x86.ActiveCfg = Debug|Any CPU
		{056266C9-898F-432D-A2DF-79E29E4564FD}.Debug|x86.Build.0 = Debug|Any CPU
		{056266C9-898F-432D-A2DF-79E29E4564FD}.Release|Any CPU.ActiveCfg = Release|Any CPU
		{056266C9-898F-432D-A2DF-79E29E4564FD}.Release|Any CPU.Build.0 = Release|Any CPU
		{056266C9-898F-432D-A2DF-79E29E4564FD}.Release|ARM.ActiveCfg = Release|Any CPU
		{056266C9-898F-432D-A2DF-79E29E4564FD}.Release|ARM.Build.0 = Release|Any CPU
		{056266C9-898F-432D-A2DF-79E29E4564FD}.Release|x64.ActiveCfg = Release|Any CPU
		{056266C9-898F-432D-A2DF-79E29E4564FD}.Release|x64.Build.0 = Release|Any CPU
		{056266C9-898F-432D-A2DF-79E29E4564FD}.Release|x86.ActiveCfg = Release|Any CPU
		{056266C9-898F-432D-A2DF-79E29E4564FD}.Release|x86.Build.0 = Release|Any CPU
	EndGlobalSection
	GlobalSection(SolutionProperties) = preSolution
		HideSolutionNode = FALSE
	EndGlobalSection
	GlobalSection(ExtensibilityGlobals) = postSolution
		SolutionGuid = {E9EB6D75-BB55-4681-A160-D7E390E15C5C}
	EndGlobalSection
EndGlobal
